
Microsoft Visual Studio Solution File, Format Version 12.00
# Visual Studio Version 16
VisualStudioVersion = 16.0.31624.102
MinimumVisualStudioVersion = 10.0.40219.1
Project("{FAE04EC0-301F-11D3-BF4B-00C04F79EFBC}") = "Dapper_core", "Dapper_Example\Dapper_core.csproj", "{0C6A9028-C7A0-4419-A2DE-3425F5462B26}"
EndProject
Global
	GlobalSection(SolutionConfigurationPlatforms) = preSolution
		Debug|Any CPU = Debug|Any CPU
		Release|Any CPU = Release|Any CPU
	EndGlobalSection
	GlobalSection(ProjectConfigurationPlatforms) = postSolution
		{0C6A9028-C7A0-4419-A2DE-3425F5462B26}.Debug|Any CPU.ActiveCfg = Debug|Any CPU
		{0C6A9028-C7A0-4419-A2DE-3425F5462B26}.Debug|Any CPU.Build.0 = Debug|Any CPU
		{0C6A9028-C7A0-4419-A2DE-3425F5462B26}.Release|Any CPU.ActiveCfg = Release|Any CPU
		{0C6A9028-C7A0-4419-A2DE-3425F5462B26}.Release|Any CPU.Build.0 = Release|Any CPU
	EndGlobalSection
	GlobalSection(SolutionProperties) = preSolution
		HideSolutionNode = FALSE
	EndGlobalSection
	GlobalSection(ExtensibilityGlobals) = postSolution
		SolutionGuid = {DB0F2638-F2A8-4FCA-BFD8-A9C81E7F05EA}
	EndGlobalSection
EndGlobal
